// !$*UTF8*$!
{
	archiveVersion = 1;
	classes = {
	};
	objectVersion = 56;
	objects = {

/* Begin PBXBuildFile section */
		3DBEFFA12C50E9C700EB232B /* AppDelegate.swift in Sources */ = {isa = PBXBuildFile; fileRef = 3DBEFFA02C50E9C700EB232B /* AppDelegate.swift */; };
		3DBEFFA32C50E9C700EB232B /* SceneDelegate.swift in Sources */ = {isa = PBXBuildFile; fileRef = 3DBEFFA22C50E9C700EB232B /* SceneDelegate.swift */; };
		3DBEFFA52C50E9C700EB232B /* UsersViewController.swift in Sources */ = {isa = PBXBuildFile; fileRef = 3DBEFFA42C50E9C700EB232B /* UsersViewController.swift */; };
		3DBEFFA82C50E9C700EB232B /* Base in Resources */ = {isa = PBXBuildFile; fileRef = 3DBEFFA72C50E9C700EB232B /* Base */; };
		3DBEFFAA2C50E9C900EB232B /* Assets.xcassets in Resources */ = {isa = PBXBuildFile; fileRef = 3DBEFFA92C50E9C900EB232B /* Assets.xcassets */; };
		3DBEFFAD2C50E9C900EB232B /* Base in Resources */ = {isa = PBXBuildFile; fileRef = 3DBEFFAC2C50E9C900EB232B /* Base */; };
		3DBEFFB82C50E9CA00EB232B /* YoUserTests.swift in Sources */ = {isa = PBXBuildFile; fileRef = 3DBEFFB72C50E9CA00EB232B /* YoUserTests.swift */; };
		3DBEFFC22C50E9CA00EB232B /* YoUserUITests.swift in Sources */ = {isa = PBXBuildFile; fileRef = 3DBEFFC12C50E9CA00EB232B /* YoUserUITests.swift */; };
		3DBEFFC42C50E9CA00EB232B /* YoUserUITestsLaunchTests.swift in Sources */ = {isa = PBXBuildFile; fileRef = 3DBEFFC32C50E9CA00EB232B /* YoUserUITestsLaunchTests.swift */; };
		3DBEFFDE2C50EA4300EB232B /* DataRepository.swift in Sources */ = {isa = PBXBuildFile; fileRef = 3DBEFFD02C50EA4300EB232B /* DataRepository.swift */; };
		3DBEFFDF2C50EA4300EB232B /* UserDataModel.swift in Sources */ = {isa = PBXBuildFile; fileRef = 3DBEFFD12C50EA4300EB232B /* UserDataModel.swift */; };
		3DBEFFE02C50EA4300EB232B /* ApiDataSource.swift in Sources */ = {isa = PBXBuildFile; fileRef = 3DBEFFD32C50EA4300EB232B /* ApiDataSource.swift */; };
		3DBEFFE12C50EA4300EB232B /* UserDataDTO.swift in Sources */ = {isa = PBXBuildFile; fileRef = 3DBEFFD42C50EA4300EB232B /* UserDataDTO.swift */; };
		3DBEFFE22C50EA4300EB232B /* UsersResponseDTO.swift in Sources */ = {isa = PBXBuildFile; fileRef = 3DBEFFD52C50EA4300EB232B /* UsersResponseDTO.swift */; };
		3DBEFFE32C50EA4300EB232B /* RequestProvider.swift in Sources */ = {isa = PBXBuildFile; fileRef = 3DBEFFD62C50EA4300EB232B /* RequestProvider.swift */; };
		3DBEFFE42C50EA4300EB232B /* DomainConvertable.swift in Sources */ = {isa = PBXBuildFile; fileRef = 3DBEFFD82C50EA4300EB232B /* DomainConvertable.swift */; };
		3DBEFFE52C50EA4300EB232B /* NetworkError.swift in Sources */ = {isa = PBXBuildFile; fileRef = 3DBEFFDA2C50EA4300EB232B /* NetworkError.swift */; };
		3DBEFFE62C50EA4300EB232B /* NetworkRequest.swift in Sources */ = {isa = PBXBuildFile; fileRef = 3DBEFFDB2C50EA4300EB232B /* NetworkRequest.swift */; };
		3DBEFFE72C50EA4300EB232B /* NetworkService.swift in Sources */ = {isa = PBXBuildFile; fileRef = 3DBEFFDC2C50EA4300EB232B /* NetworkService.swift */; };
		3DBEFFEA2C51051D00EB232B /* UsersViewModel.swift in Sources */ = {isa = PBXBuildFile; fileRef = 3DBEFFE92C51051D00EB232B /* UsersViewModel.swift */; };
		3DBEFFEC2C51089600EB232B /* UserItem.swift in Sources */ = {isa = PBXBuildFile; fileRef = 3DBEFFEB2C51089600EB232B /* UserItem.swift */; };
		3DBEFFEF2C510F2200EB232B /* UserCollectionViewCell.swift in Sources */ = {isa = PBXBuildFile; fileRef = 3DBEFFEE2C510F2200EB232B /* UserCollectionViewCell.swift */; };
		3DBEFFF12C510F6B00EB232B /* UserCollectionViewCell.xib in Resources */ = {isa = PBXBuildFile; fileRef = 3DBEFFF02C510F6B00EB232B /* UserCollectionViewCell.xib */; };
		3DBEFFF52C511DDE00EB232B /* UserDetailsViewController.swift in Sources */ = {isa = PBXBuildFile; fileRef = 3DBEFFF42C511DDE00EB232B /* UserDetailsViewController.swift */; };
		3DBEFFF72C511E1200EB232B /* UserDetailsViewController.xib in Resources */ = {isa = PBXBuildFile; fileRef = 3DBEFFF62C511E1200EB232B /* UserDetailsViewController.xib */; };
		3DBEFFFB2C511FD200EB232B /* UserDetailViewModel.swift in Sources */ = {isa = PBXBuildFile; fileRef = 3DBEFFFA2C511FD200EB232B /* UserDetailViewModel.swift */; };
		3DBEFFFD2C5120FF00EB232B /* Coordinator.swift in Sources */ = {isa = PBXBuildFile; fileRef = 3DBEFFFC2C5120FF00EB232B /* Coordinator.swift */; };
/* End PBXBuildFile section */

/* Begin PBXContainerItemProxy section */
		3DBEFFB42C50E9CA00EB232B /* PBXContainerItemProxy */ = {
			isa = PBXContainerItemProxy;
			containerPortal = 3DBEFF952C50E9C700EB232B /* Project object */;
			proxyType = 1;
			remoteGlobalIDString = 3DBEFF9C2C50E9C700EB232B;
			remoteInfo = YoUser;
		};
		3DBEFFBE2C50E9CA00EB232B /* PBXContainerItemProxy */ = {
			isa = PBXContainerItemProxy;
			containerPortal = 3DBEFF952C50E9C700EB232B /* Project object */;
			proxyType = 1;
			remoteGlobalIDString = 3DBEFF9C2C50E9C700EB232B;
			remoteInfo = YoUser;
		};
/* End PBXContainerItemProxy section */

/* Begin PBXFileReference section */
		3DBEFF9D2C50E9C700EB232B /* YoUser.app */ = {isa = PBXFileReference; explicitFileType = wrapper.application; includeInIndex = 0; path = YoUser.app; sourceTree = BUILT_PRODUCTS_DIR; };
		3DBEFFA02C50E9C700EB232B /* AppDelegate.swift */ = {isa = PBXFileReference; lastKnownFileType = sourcecode.swift; path = AppDelegate.swift; sourceTree = "<group>"; };
		3DBEFFA22C50E9C700EB232B /* SceneDelegate.swift */ = {isa = PBXFileReference; lastKnownFileType = sourcecode.swift; path = SceneDelegate.swift; sourceTree = "<group>"; };
		3DBEFFA42C50E9C700EB232B /* UsersViewController.swift */ = {isa = PBXFileReference; lastKnownFileType = sourcecode.swift; path = UsersViewController.swift; sourceTree = "<group>"; };
		3DBEFFA72C50E9C700EB232B /* Base */ = {isa = PBXFileReference; lastKnownFileType = file.storyboard; name = Base; path = Base.lproj/Main.storyboard; sourceTree = "<group>"; };
		3DBEFFA92C50E9C900EB232B /* Assets.xcassets */ = {isa = PBXFileReference; lastKnownFileType = folder.assetcatalog; path = Assets.xcassets; sourceTree = "<group>"; };
		3DBEFFAC2C50E9C900EB232B /* Base */ = {isa = PBXFileReference; lastKnownFileType = file.storyboard; name = Base; path = Base.lproj/LaunchScreen.storyboard; sourceTree = "<group>"; };
		3DBEFFAE2C50E9C900EB232B /* Info.plist */ = {isa = PBXFileReference; lastKnownFileType = text.plist.xml; path = Info.plist; sourceTree = "<group>"; };
		3DBEFFB32C50E9CA00EB232B /* YoUserTests.xctest */ = {isa = PBXFileReference; explicitFileType = wrapper.cfbundle; includeInIndex = 0; path = YoUserTests.xctest; sourceTree = BUILT_PRODUCTS_DIR; };
		3DBEFFB72C50E9CA00EB232B /* YoUserTests.swift */ = {isa = PBXFileReference; lastKnownFileType = sourcecode.swift; path = YoUserTests.swift; sourceTree = "<group>"; };
		3DBEFFBD2C50E9CA00EB232B /* YoUserUITests.xctest */ = {isa = PBXFileReference; explicitFileType = wrapper.cfbundle; includeInIndex = 0; path = YoUserUITests.xctest; sourceTree = BUILT_PRODUCTS_DIR; };
		3DBEFFC12C50E9CA00EB232B /* YoUserUITests.swift */ = {isa = PBXFileReference; lastKnownFileType = sourcecode.swift; path = YoUserUITests.swift; sourceTree = "<group>"; };
		3DBEFFC32C50E9CA00EB232B /* YoUserUITestsLaunchTests.swift */ = {isa = PBXFileReference; lastKnownFileType = sourcecode.swift; path = YoUserUITestsLaunchTests.swift; sourceTree = "<group>"; };
		3DBEFFD02C50EA4300EB232B /* DataRepository.swift */ = {isa = PBXFileReference; fileEncoding = 4; lastKnownFileType = sourcecode.swift; path = DataRepository.swift; sourceTree = "<group>"; };
		3DBEFFD12C50EA4300EB232B /* UserDataModel.swift */ = {isa = PBXFileReference; fileEncoding = 4; lastKnownFileType = sourcecode.swift; path = UserDataModel.swift; sourceTree = "<group>"; };
		3DBEFFD32C50EA4300EB232B /* ApiDataSource.swift */ = {isa = PBXFileReference; fileEncoding = 4; lastKnownFileType = sourcecode.swift; path = ApiDataSource.swift; sourceTree = "<group>"; };
		3DBEFFD42C50EA4300EB232B /* UserDataDTO.swift */ = {isa = PBXFileReference; fileEncoding = 4; lastKnownFileType = sourcecode.swift; path = UserDataDTO.swift; sourceTree = "<group>"; };
		3DBEFFD52C50EA4300EB232B /* UsersResponseDTO.swift */ = {isa = PBXFileReference; fileEncoding = 4; lastKnownFileType = sourcecode.swift; path = UsersResponseDTO.swift; sourceTree = "<group>"; };
		3DBEFFD62C50EA4300EB232B /* RequestProvider.swift */ = {isa = PBXFileReference; fileEncoding = 4; lastKnownFileType = sourcecode.swift; path = RequestProvider.swift; sourceTree = "<group>"; };
		3DBEFFD82C50EA4300EB232B /* DomainConvertable.swift */ = {isa = PBXFileReference; fileEncoding = 4; lastKnownFileType = sourcecode.swift; path = DomainConvertable.swift; sourceTree = "<group>"; };
		3DBEFFDA2C50EA4300EB232B /* NetworkError.swift */ = {isa = PBXFileReference; fileEncoding = 4; lastKnownFileType = sourcecode.swift; path = NetworkError.swift; sourceTree = "<group>"; };
		3DBEFFDB2C50EA4300EB232B /* NetworkRequest.swift */ = {isa = PBXFileReference; fileEncoding = 4; lastKnownFileType = sourcecode.swift; path = NetworkRequest.swift; sourceTree = "<group>"; };
		3DBEFFDC2C50EA4300EB232B /* NetworkService.swift */ = {isa = PBXFileReference; fileEncoding = 4; lastKnownFileType = sourcecode.swift; path = NetworkService.swift; sourceTree = "<group>"; };
		3DBEFFE92C51051D00EB232B /* UsersViewModel.swift */ = {isa = PBXFileReference; lastKnownFileType = sourcecode.swift; path = UsersViewModel.swift; sourceTree = "<group>"; };
		3DBEFFEB2C51089600EB232B /* UserItem.swift */ = {isa = PBXFileReference; lastKnownFileType = sourcecode.swift; path = UserItem.swift; sourceTree = "<group>"; };
		3DBEFFEE2C510F2200EB232B /* UserCollectionViewCell.swift */ = {isa = PBXFileReference; lastKnownFileType = sourcecode.swift; path = UserCollectionViewCell.swift; sourceTree = "<group>"; };
		3DBEFFF02C510F6B00EB232B /* UserCollectionViewCell.xib */ = {isa = PBXFileReference; lastKnownFileType = file.xib; path = UserCollectionViewCell.xib; sourceTree = "<group>"; };
		3DBEFFF42C511DDE00EB232B /* UserDetailsViewController.swift */ = {isa = PBXFileReference; lastKnownFileType = sourcecode.swift; path = UserDetailsViewController.swift; sourceTree = "<group>"; };
		3DBEFFF62C511E1200EB232B /* UserDetailsViewController.xib */ = {isa = PBXFileReference; lastKnownFileType = file.xib; path = UserDetailsViewController.xib; sourceTree = "<group>"; };
		3DBEFFFA2C511FD200EB232B /* UserDetailViewModel.swift */ = {isa = PBXFileReference; lastKnownFileType = sourcecode.swift; path = UserDetailViewModel.swift; sourceTree = "<group>"; };
		3DBEFFFC2C5120FF00EB232B /* Coordinator.swift */ = {isa = PBXFileReference; lastKnownFileType = sourcecode.swift; path = Coordinator.swift; sourceTree = "<group>"; };
/* End PBXFileReference section */

/* Begin PBXFrameworksBuildPhase section */
		3DBEFF9A2C50E9C700EB232B /* Frameworks */ = {
			isa = PBXFrameworksBuildPhase;
			buildActionMask = 2147483647;
			files = (
			);
			runOnlyForDeploymentPostprocessing = 0;
		};
		3DBEFFB02C50E9CA00EB232B /* Frameworks */ = {
			isa = PBXFrameworksBuildPhase;
			buildActionMask = 2147483647;
			files = (
			);
			runOnlyForDeploymentPostprocessing = 0;
		};
		3DBEFFBA2C50E9CA00EB232B /* Frameworks */ = {
			isa = PBXFrameworksBuildPhase;
			buildActionMask = 2147483647;
			files = (
			);
			runOnlyForDeploymentPostprocessing = 0;
		};
/* End PBXFrameworksBuildPhase section */

/* Begin PBXGroup section */
		3DBEFF942C50E9C700EB232B = {
			isa = PBXGroup;
			children = (
				3DBEFF9F2C50E9C700EB232B /* YoUser */,
				3DBEFFB62C50E9CA00EB232B /* YoUserTests */,
				3DBEFFC02C50E9CA00EB232B /* YoUserUITests */,
				3DBEFF9E2C50E9C700EB232B /* Products */,
			);
			sourceTree = "<group>";
		};
		3DBEFF9E2C50E9C700EB232B /* Products */ = {
			isa = PBXGroup;
			children = (
				3DBEFF9D2C50E9C700EB232B /* YoUser.app */,
				3DBEFFB32C50E9CA00EB232B /* YoUserTests.xctest */,
				3DBEFFBD2C50E9CA00EB232B /* YoUserUITests.xctest */,
			);
			name = Products;
			sourceTree = "<group>";
		};
		3DBEFF9F2C50E9C700EB232B /* YoUser */ = {
			isa = PBXGroup;
			children = (
				3DBEFFE82C5104DF00EB232B /* Presenter */,
				3DBEFFD72C50EA4300EB232B /* Data */,
				3DBEFFD22C50EA4300EB232B /* Domain */,
				3DBEFFD92C50EA4300EB232B /* Helpers */,
				3DBEFFDD2C50EA4300EB232B /* Networking */,
				3DBEFFA02C50E9C700EB232B /* AppDelegate.swift */,
				3DBEFFFC2C5120FF00EB232B /* Coordinator.swift */,
				3DBEFFA22C50E9C700EB232B /* SceneDelegate.swift */,
				3DBEFFA62C50E9C700EB232B /* Main.storyboard */,
				3DBEFFA92C50E9C900EB232B /* Assets.xcassets */,
				3DBEFFAB2C50E9C900EB232B /* LaunchScreen.storyboard */,
				3DBEFFAE2C50E9C900EB232B /* Info.plist */,
			);
			path = YoUser;
			sourceTree = "<group>";
		};
		3DBEFFB62C50E9CA00EB232B /* YoUserTests */ = {
			isa = PBXGroup;
			children = (
				3DBEFFB72C50E9CA00EB232B /* YoUserTests.swift */,
			);
			path = YoUserTests;
			sourceTree = "<group>";
		};
		3DBEFFC02C50E9CA00EB232B /* YoUserUITests */ = {
			isa = PBXGroup;
			children = (
				3DBEFFC12C50E9CA00EB232B /* YoUserUITests.swift */,
				3DBEFFC32C50E9CA00EB232B /* YoUserUITestsLaunchTests.swift */,
			);
			path = YoUserUITests;
			sourceTree = "<group>";
		};
		3DBEFFD22C50EA4300EB232B /* Domain */ = {
			isa = PBXGroup;
			children = (
				3DBEFFD02C50EA4300EB232B /* DataRepository.swift */,
				3DBEFFD12C50EA4300EB232B /* UserDataModel.swift */,
			);
			path = Domain;
			sourceTree = "<group>";
		};
		3DBEFFD72C50EA4300EB232B /* Data */ = {
			isa = PBXGroup;
			children = (
				3DBEFFD32C50EA4300EB232B /* ApiDataSource.swift */,
				3DBEFFD42C50EA4300EB232B /* UserDataDTO.swift */,
				3DBEFFD52C50EA4300EB232B /* UsersResponseDTO.swift */,
				3DBEFFD62C50EA4300EB232B /* RequestProvider.swift */,
			);
			path = Data;
			sourceTree = "<group>";
		};
		3DBEFFD92C50EA4300EB232B /* Helpers */ = {
			isa = PBXGroup;
			children = (
				3DBEFFD82C50EA4300EB232B /* DomainConvertable.swift */,
			);
			path = Helpers;
			sourceTree = "<group>";
		};
		3DBEFFDD2C50EA4300EB232B /* Networking */ = {
			isa = PBXGroup;
			children = (
				3DBEFFDA2C50EA4300EB232B /* NetworkError.swift */,
				3DBEFFDB2C50EA4300EB232B /* NetworkRequest.swift */,
				3DBEFFDC2C50EA4300EB232B /* NetworkService.swift */,
			);
			path = Networking;
			sourceTree = "<group>";
		};
		3DBEFFE82C5104DF00EB232B /* Presenter */ = {
			isa = PBXGroup;
			children = (
				3DBEFFF92C511E8700EB232B /* UserDetails */,
				3DBEFFF82C511E6A00EB232B /* Users */,
				3DBEFFED2C510ED700EB232B /* Cells */,
			);
			path = Presenter;
			sourceTree = "<group>";
		};
		3DBEFFED2C510ED700EB232B /* Cells */ = {
			isa = PBXGroup;
			children = (
				3DBEFFEE2C510F2200EB232B /* UserCollectionViewCell.swift */,
				3DBEFFF02C510F6B00EB232B /* UserCollectionViewCell.xib */,
			);
			path = Cells;
			sourceTree = "<group>";
		};
		3DBEFFF82C511E6A00EB232B /* Users */ = {
			isa = PBXGroup;
			children = (
				3DBEFFA42C50E9C700EB232B /* UsersViewController.swift */,
				3DBEFFE92C51051D00EB232B /* UsersViewModel.swift */,
				3DBEFFEB2C51089600EB232B /* UserItem.swift */,
			);
			path = Users;
			sourceTree = "<group>";
		};
		3DBEFFF92C511E8700EB232B /* UserDetails */ = {
			isa = PBXGroup;
			children = (
				3DBEFFF42C511DDE00EB232B /* UserDetailsViewController.swift */,
				3DBEFFF62C511E1200EB232B /* UserDetailsViewController.xib */,
				3DBEFFFA2C511FD200EB232B /* UserDetailViewModel.swift */,
			);
			path = UserDetails;
			sourceTree = "<group>";
		};
/* End PBXGroup section */

/* Begin PBXNativeTarget section */
		3DBEFF9C2C50E9C700EB232B /* YoUser */ = {
			isa = PBXNativeTarget;
			buildConfigurationList = 3DBEFFC72C50E9CA00EB232B /* Build configuration list for PBXNativeTarget "YoUser" */;
			buildPhases = (
				3DBEFF992C50E9C700EB232B /* Sources */,
				3DBEFF9A2C50E9C700EB232B /* Frameworks */,
				3DBEFF9B2C50E9C700EB232B /* Resources */,
			);
			buildRules = (
			);
			dependencies = (
			);
			name = YoUser;
			productName = YoUser;
			productReference = 3DBEFF9D2C50E9C700EB232B /* YoUser.app */;
			productType = "com.apple.product-type.application";
		};
		3DBEFFB22C50E9CA00EB232B /* YoUserTests */ = {
			isa = PBXNativeTarget;
			buildConfigurationList = 3DBEFFCA2C50E9CA00EB232B /* Build configuration list for PBXNativeTarget "YoUserTests" */;
			buildPhases = (
				3DBEFFAF2C50E9CA00EB232B /* Sources */,
				3DBEFFB02C50E9CA00EB232B /* Frameworks */,
				3DBEFFB12C50E9CA00EB232B /* Resources */,
			);
			buildRules = (
			);
			dependencies = (
				3DBEFFB52C50E9CA00EB232B /* PBXTargetDependency */,
			);
			name = YoUserTests;
			productName = YoUserTests;
			productReference = 3DBEFFB32C50E9CA00EB232B /* YoUserTests.xctest */;
			productType = "com.apple.product-type.bundle.unit-test";
		};
		3DBEFFBC2C50E9CA00EB232B /* YoUserUITests */ = {
			isa = PBXNativeTarget;
			buildConfigurationList = 3DBEFFCD2C50E9CA00EB232B /* Build configuration list for PBXNativeTarget "YoUserUITests" */;
			buildPhases = (
				3DBEFFB92C50E9CA00EB232B /* Sources */,
				3DBEFFBA2C50E9CA00EB232B /* Frameworks */,
				3DBEFFBB2C50E9CA00EB232B /* Resources */,
			);
			buildRules = (
			);
			dependencies = (
				3DBEFFBF2C50E9CA00EB232B /* PBXTargetDependency */,
			);
			name = YoUserUITests;
			productName = YoUserUITests;
			productReference = 3DBEFFBD2C50E9CA00EB232B /* YoUserUITests.xctest */;
			productType = "com.apple.product-type.bundle.ui-testing";
		};
/* End PBXNativeTarget section */

/* Begin PBXProject section */
		3DBEFF952C50E9C700EB232B /* Project object */ = {
			isa = PBXProject;
			attributes = {
				BuildIndependentTargetsInParallel = 1;
				LastSwiftUpdateCheck = 1540;
				LastUpgradeCheck = 1540;
				TargetAttributes = {
					3DBEFF9C2C50E9C700EB232B = {
						CreatedOnToolsVersion = 15.4;
					};
					3DBEFFB22C50E9CA00EB232B = {
						CreatedOnToolsVersion = 15.4;
						TestTargetID = 3DBEFF9C2C50E9C700EB232B;
					};
					3DBEFFBC2C50E9CA00EB232B = {
						CreatedOnToolsVersion = 15.4;
						TestTargetID = 3DBEFF9C2C50E9C700EB232B;
					};
				};
			};
			buildConfigurationList = 3DBEFF982C50E9C700EB232B /* Build configuration list for PBXProject "YoUser" */;
			compatibilityVersion = "Xcode 14.0";
			developmentRegion = en;
			hasScannedForEncodings = 0;
			knownRegions = (
				en,
				Base,
			);
			mainGroup = 3DBEFF942C50E9C700EB232B;
			packageReferences = (
				3DBEFFF32C5113A500EB232B /* XCRemoteSwiftPackageReference "SDWebImage" */,
			);
			productRefGroup = 3DBEFF9E2C50E9C700EB232B /* Products */;
			projectDirPath = "";
			projectRoot = "";
			targets = (
				3DBEFF9C2C50E9C700EB232B /* YoUser */,
				3DBEFFB22C50E9CA00EB232B /* YoUserTests */,
				3DBEFFBC2C50E9CA00EB232B /* YoUserUITests */,
			);
		};
/* End PBXProject section */

/* Begin PBXResourcesBuildPhase section */
		3DBEFF9B2C50E9C700EB232B /* Resources */ = {
			isa = PBXResourcesBuildPhase;
			buildActionMask = 2147483647;
			files = (
				3DBEFFF72C511E1200EB232B /* UserDetailsViewController.xib in Resources */,
				3DBEFFAA2C50E9C900EB232B /* Assets.xcassets in Resources */,
				3DBEFFF12C510F6B00EB232B /* UserCollectionViewCell.xib in Resources */,
				3DBEFFAD2C50E9C900EB232B /* Base in Resources */,
				3DBEFFA82C50E9C700EB232B /* Base in Resources */,
			);
			runOnlyForDeploymentPostprocessing = 0;
		};
		3DBEFFB12C50E9CA00EB232B /* Resources */ = {
			isa = PBXResourcesBuildPhase;
			buildActionMask = 2147483647;
			files = (
			);
			runOnlyForDeploymentPostprocessing = 0;
		};
		3DBEFFBB2C50E9CA00EB232B /* Resources */ = {
			isa = PBXResourcesBuildPhase;
			buildActionMask = 2147483647;
			files = (
			);
			runOnlyForDeploymentPostprocessing = 0;
		};
/* End PBXResourcesBuildPhase section */

/* Begin PBXSourcesBuildPhase section */
		3DBEFF992C50E9C700EB232B /* Sources */ = {
			isa = PBXSourcesBuildPhase;
			buildActionMask = 2147483647;
			files = (
				3DBEFFFB2C511FD200EB232B /* UserDetailViewModel.swift in Sources */,
				3DBEFFDF2C50EA4300EB232B /* UserDataModel.swift in Sources */,
				3DBEFFEA2C51051D00EB232B /* UsersViewModel.swift in Sources */,
				3DBEFFE42C50EA4300EB232B /* DomainConvertable.swift in Sources */,
				3DBEFFE12C50EA4300EB232B /* UserDataDTO.swift in Sources */,
				3DBEFFA52C50E9C700EB232B /* UsersViewController.swift in Sources */,
				3DBEFFFD2C5120FF00EB232B /* Coordinator.swift in Sources */,
				3DBEFFEC2C51089600EB232B /* UserItem.swift in Sources */,
				3DBEFFE22C50EA4300EB232B /* UsersResponseDTO.swift in Sources */,
				3DBEFFDE2C50EA4300EB232B /* DataRepository.swift in Sources */,
				3DBEFFA12C50E9C700EB232B /* AppDelegate.swift in Sources */,
				3DBEFFE32C50EA4300EB232B /* RequestProvider.swift in Sources */,
				3DBEFFF52C511DDE00EB232B /* UserDetailsViewController.swift in Sources */,
				3DBEFFA32C50E9C700EB232B /* SceneDelegate.swift in Sources */,
				3DBEFFE52C50EA4300EB232B /* NetworkError.swift in Sources */,
				3DBEFFE62C50EA4300EB232B /* NetworkRequest.swift in Sources */,
				3DBEFFEF2C510F2200EB232B /* UserCollectionViewCell.swift in Sources */,
				3DBEFFE72C50EA4300EB232B /* NetworkService.swift in Sources */,
				3DBEFFE02C50EA4300EB232B /* ApiDataSource.swift in Sources */,
			);
			runOnlyForDeploymentPostprocessing = 0;
		};
		3DBEFFAF2C50E9CA00EB232B /* Sources */ = {
			isa = PBXSourcesBuildPhase;
			buildActionMask = 2147483647;
			files = (
				3DBEFFB82C50E9CA00EB232B /* YoUserTests.swift in Sources */,
			);
			runOnlyForDeploymentPostprocessing = 0;
		};
		3DBEFFB92C50E9CA00EB232B /* Sources */ = {
			isa = PBXSourcesBuildPhase;
			buildActionMask = 2147483647;
			files = (
				3DBEFFC22C50E9CA00EB232B /* YoUserUITests.swift in Sources */,
				3DBEFFC42C50E9CA00EB232B /* YoUserUITestsLaunchTests.swift in Sources */,
			);
			runOnlyForDeploymentPostprocessing = 0;
		};
/* End PBXSourcesBuildPhase section */

/* Begin PBXTargetDependency section */
		3DBEFFB52C50E9CA00EB232B /* PBXTargetDependency */ = {
			isa = PBXTargetDependency;
			target = 3DBEFF9C2C50E9C700EB232B /* YoUser */;
			targetProxy = 3DBEFFB42C50E9CA00EB232B /* PBXContainerItemProxy */;
		};
		3DBEFFBF2C50E9CA00EB232B /* PBXTargetDependency */ = {
			isa = PBXTargetDependency;
			target = 3DBEFF9C2C50E9C700EB232B /* YoUser */;
			targetProxy = 3DBEFFBE2C50E9CA00EB232B /* PBXContainerItemProxy */;
		};
/* End PBXTargetDependency section */

/* Begin PBXVariantGroup section */
		3DBEFFA62C50E9C700EB232B /* Main.storyboard */ = {
			isa = PBXVariantGroup;
			children = (
				3DBEFFA72C50E9C700EB232B /* Base */,
			);
			name = Main.storyboard;
			sourceTree = "<group>";
		};
		3DBEFFAB2C50E9C900EB232B /* LaunchScreen.storyboard */ = {
			isa = PBXVariantGroup;
			children = (
				3DBEFFAC2C50E9C900EB232B /* Base */,
			);
			name = LaunchScreen.storyboard;
			sourceTree = "<group>";
		};
/* End PBXVariantGroup section */

/* Begin XCBuildConfiguration section */
		3DBEFFC52C50E9CA00EB232B /* Debug */ = {
			isa = XCBuildConfiguration;
			buildSettings = {
				ALWAYS_SEARCH_USER_PATHS = NO;
				ASSETCATALOG_COMPILER_GENERATE_SWIFT_ASSET_SYMBOL_EXTENSIONS = YES;
				CLANG_ANALYZER_NONNULL = YES;
				CLANG_ANALYZER_NUMBER_OBJECT_CONVERSION = YES_AGGRESSIVE;
				CLANG_CXX_LANGUAGE_STANDARD = "gnu++20";
				CLANG_ENABLE_MODULES = YES;
				CLANG_ENABLE_OBJC_ARC = YES;
				CLANG_ENABLE_OBJC_WEAK = YES;
				CLANG_WARN_BLOCK_CAPTURE_AUTORELEASING = YES;
				CLANG_WARN_BOOL_CONVERSION = YES;
				CLANG_WARN_COMMA = YES;
				CLANG_WARN_CONSTANT_CONVERSION = YES;
				CLANG_WARN_DEPRECATED_OBJC_IMPLEMENTATIONS = YES;
				CLANG_WARN_DIRECT_OBJC_ISA_USAGE = YES_ERROR;
				CLANG_WARN_DOCUMENTATION_COMMENTS = YES;
				CLANG_WARN_EMPTY_BODY = YES;
				CLANG_WARN_ENUM_CONVERSION = YES;
				CLANG_WARN_INFINITE_RECURSION = YES;
				CLANG_WARN_INT_CONVERSION = YES;
				CLANG_WARN_NON_LITERAL_NULL_CONVERSION = YES;
				CLANG_WARN_OBJC_IMPLICIT_RETAIN_SELF = YES;
				CLANG_WARN_OBJC_LITERAL_CONVERSION = YES;
				CLANG_WARN_OBJC_ROOT_CLASS = YES_ERROR;
				CLANG_WARN_QUOTED_INCLUDE_IN_FRAMEWORK_HEADER = YES;
				CLANG_WARN_RANGE_LOOP_ANALYSIS = YES;
				CLANG_WARN_STRICT_PROTOTYPES = YES;
				CLANG_WARN_SUSPICIOUS_MOVE = YES;
				CLANG_WARN_UNGUARDED_AVAILABILITY = YES_AGGRESSIVE;
				CLANG_WARN_UNREACHABLE_CODE = YES;
				CLANG_WARN__DUPLICATE_METHOD_MATCH = YES;
				COPY_PHASE_STRIP = NO;
				DEBUG_INFORMATION_FORMAT = dwarf;
				ENABLE_STRICT_OBJC_MSGSEND = YES;
				ENABLE_TESTABILITY = YES;
				ENABLE_USER_SCRIPT_SANDBOXING = YES;
				GCC_C_LANGUAGE_STANDARD = gnu17;
				GCC_DYNAMIC_NO_PIC = NO;
				GCC_NO_COMMON_BLOCKS = YES;
				GCC_OPTIMIZATION_LEVEL = 0;
				GCC_PREPROCESSOR_DEFINITIONS = (
					"DEBUG=1",
					"$(inherited)",
				);
				GCC_WARN_64_TO_32_BIT_CONVERSION = YES;
				GCC_WARN_ABOUT_RETURN_TYPE = YES_ERROR;
				GCC_WARN_UNDECLARED_SELECTOR = YES;
				GCC_WARN_UNINITIALIZED_AUTOS = YES_AGGRESSIVE;
				GCC_WARN_UNUSED_FUNCTION = YES;
				GCC_WARN_UNUSED_VARIABLE = YES;
				IPHONEOS_DEPLOYMENT_TARGET = 17.5;
				LOCALIZATION_PREFERS_STRING_CATALOGS = YES;
				MTL_ENABLE_DEBUG_INFO = INCLUDE_SOURCE;
				MTL_FAST_MATH = YES;
				ONLY_ACTIVE_ARCH = YES;
				SDKROOT = iphoneos;
				SWIFT_ACTIVE_COMPILATION_CONDITIONS = "DEBUG $(inherited)";
				SWIFT_OPTIMIZATION_LEVEL = "-Onone";
			};
			name = Debug;
		};
		3DBEFFC62C50E9CA00EB232B /* Release */ = {
			isa = XCBuildConfiguration;
			buildSettings = {
				ALWAYS_SEARCH_USER_PATHS = NO;
				ASSETCATALOG_COMPILER_GENERATE_SWIFT_ASSET_SYMBOL_EXTENSIONS = YES;
				CLANG_ANALYZER_NONNULL = YES;
				CLANG_ANALYZER_NUMBER_OBJECT_CONVERSION = YES_AGGRESSIVE;
				CLANG_CXX_LANGUAGE_STANDARD = "gnu++20";
				CLANG_ENABLE_MODULES = YES;
				CLANG_ENABLE_OBJC_ARC = YES;
				CLANG_ENABLE_OBJC_WEAK = YES;
				CLANG_WARN_BLOCK_CAPTURE_AUTORELEASING = YES;
				CLANG_WARN_BOOL_CONVERSION = YES;
				CLANG_WARN_COMMA = YES;
				CLANG_WARN_CONSTANT_CONVERSION = YES;
				CLANG_WARN_DEPRECATED_OBJC_IMPLEMENTATIONS = YES;
				CLANG_WARN_DIRECT_OBJC_ISA_USAGE = YES_ERROR;
				CLANG_WARN_DOCUMENTATION_COMMENTS = YES;
				CLANG_WARN_EMPTY_BODY = YES;
				CLANG_WARN_ENUM_CONVERSION = YES;
				CLANG_WARN_INFINITE_RECURSION = YES;
				CLANG_WARN_INT_CONVERSION = YES;
				CLANG_WARN_NON_LITERAL_NULL_CONVERSION = YES;
				CLANG_WARN_OBJC_IMPLICIT_RETAIN_SELF = YES;
				CLANG_WARN_OBJC_LITERAL_CONVERSION = YES;
				CLANG_WARN_OBJC_ROOT_CLASS = YES_ERROR;
				CLANG_WARN_QUOTED_INCLUDE_IN_FRAMEWORK_HEADER = YES;
				CLANG_WARN_RANGE_LOOP_ANALYSIS = YES;
				CLANG_WARN_STRICT_PROTOTYPES = YES;
				CLANG_WARN_SUSPICIOUS_MOVE = YES;
				CLANG_WARN_UNGUARDED_AVAILABILITY = YES_AGGRESSIVE;
				CLANG_WARN_UNREACHABLE_CODE = YES;
				CLANG_WARN__DUPLICATE_METHOD_MATCH = YES;
				COPY_PHASE_STRIP = NO;
				DEBUG_INFORMATION_FORMAT = "dwarf-with-dsym";
				ENABLE_NS_ASSERTIONS = NO;
				ENABLE_STRICT_OBJC_MSGSEND = YES;
				ENABLE_USER_SCRIPT_SANDBOXING = YES;
				GCC_C_LANGUAGE_STANDARD = gnu17;
				GCC_NO_COMMON_BLOCKS = YES;
				GCC_WARN_64_TO_32_BIT_CONVERSION = YES;
				GCC_WARN_ABOUT_RETURN_TYPE = YES_ERROR;
				GCC_WARN_UNDECLARED_SELECTOR = YES;
				GCC_WARN_UNINITIALIZED_AUTOS = YES_AGGRESSIVE;
				GCC_WARN_UNUSED_FUNCTION = YES;
				GCC_WARN_UNUSED_VARIABLE = YES;
				IPHONEOS_DEPLOYMENT_TARGET = 17.5;
				LOCALIZATION_PREFERS_STRING_CATALOGS = YES;
				MTL_ENABLE_DEBUG_INFO = NO;
				MTL_FAST_MATH = YES;
				SDKROOT = iphoneos;
				SWIFT_COMPILATION_MODE = wholemodule;
				VALIDATE_PRODUCT = YES;
			};
			name = Release;
		};
		3DBEFFC82C50E9CA00EB232B /* Debug */ = {
			isa = XCBuildConfiguration;
			buildSettings = {
				ASSETCATALOG_COMPILER_APPICON_NAME = AppIcon;
				ASSETCATALOG_COMPILER_GLOBAL_ACCENT_COLOR_NAME = AccentColor;
				CODE_SIGN_STYLE = Automatic;
				CURRENT_PROJECT_VERSION = 1;
				DEVELOPMENT_TEAM = YV5AWD2AA2;
				GENERATE_INFOPLIST_FILE = YES;
				INFOPLIST_FILE = YoUser/Info.plist;
				INFOPLIST_KEY_UIApplicationSupportsIndirectInputEvents = YES;
				INFOPLIST_KEY_UILaunchStoryboardName = LaunchScreen;
				INFOPLIST_KEY_UIMainStoryboardFile = Main;
				INFOPLIST_KEY_UISupportedInterfaceOrientations_iPad = "UIInterfaceOrientationPortrait UIInterfaceOrientationPortraitUpsideDown UIInterfaceOrientationLandscapeLeft UIInterfaceOrientationLandscapeRight";
				INFOPLIST_KEY_UISupportedInterfaceOrientations_iPhone = "UIInterfaceOrientationPortrait UIInterfaceOrientationLandscapeLeft UIInterfaceOrientationLandscapeRight";
				LD_RUNPATH_SEARCH_PATHS = (
					"$(inherited)",
					"@executable_path/Frameworks",
				);
				MARKETING_VERSION = 1.0;
				PRODUCT_BUNDLE_IDENTIFIER = renderforest.io.YoUser;
				PRODUCT_NAME = "$(TARGET_NAME)";
				SWIFT_EMIT_LOC_STRINGS = YES;
				SWIFT_VERSION = 5.0;
				TARGETED_DEVICE_FAMILY = "1,2";
			};
			name = Debug;
		};
		3DBEFFC92C50E9CA00EB232B /* Release */ = {
			isa = XCBuildConfiguration;
			buildSettings = {
				ASSETCATALOG_COMPILER_APPICON_NAME = AppIcon;
				ASSETCATALOG_COMPILER_GLOBAL_ACCENT_COLOR_NAME = AccentColor;
				CODE_SIGN_STYLE = Automatic;
				CURRENT_PROJECT_VERSION = 1;
				DEVELOPMENT_TEAM = YV5AWD2AA2;
				GENERATE_INFOPLIST_FILE = YES;
				INFOPLIST_FILE = YoUser/Info.plist;
				INFOPLIST_KEY_UIApplicationSupportsIndirectInputEvents = YES;
				INFOPLIST_KEY_UILaunchStoryboardName = LaunchScreen;
				INFOPLIST_KEY_UIMainStoryboardFile = Main;
				INFOPLIST_KEY_UISupportedInterfaceOrientations_iPad = "UIInterfaceOrientationPortrait UIInterfaceOrientationPortraitUpsideDown UIInterfaceOrientationLandscapeLeft UIInterfaceOrientationLandscapeRight";
				INFOPLIST_KEY_UISupportedInterfaceOrientations_iPhone = "UIInterfaceOrientationPortrait UIInterfaceOrientationLandscapeLeft UIInterfaceOrientationLandscapeRight";
				LD_RUNPATH_SEARCH_PATHS = (
					"$(inherited)",
					"@executable_path/Frameworks",
				);
				MARKETING_VERSION = 1.0;
				PRODUCT_BUNDLE_IDENTIFIER = renderforest.io.YoUser;
				PRODUCT_NAME = "$(TARGET_NAME)";
				SWIFT_EMIT_LOC_STRINGS = YES;
				SWIFT_VERSION = 5.0;
				TARGETED_DEVICE_FAMILY = "1,2";
			};
			name = Release;
		};
		3DBEFFCB2C50E9CA00EB232B /* Debug */ = {
			isa = XCBuildConfiguration;
			buildSettings = {
				ALWAYS_EMBED_SWIFT_STANDARD_LIBRARIES = YES;
				BUNDLE_LOADER = "$(TEST_HOST)";
				CODE_SIGN_STYLE = Automatic;
				CURRENT_PROJECT_VERSION = 1;
				GENERATE_INFOPLIST_FILE = YES;
				IPHONEOS_DEPLOYMENT_TARGET = 17.5;
				MARKETING_VERSION = 1.0;
				PRODUCT_BUNDLE_IDENTIFIER = renderforest.io.YoUserTests;
				PRODUCT_NAME = "$(TARGET_NAME)";
				SWIFT_EMIT_LOC_STRINGS = NO;
				SWIFT_VERSION = 5.0;
				TARGETED_DEVICE_FAMILY = "1,2";
				TEST_HOST = "$(BUILT_PRODUCTS_DIR)/YoUser.app/$(BUNDLE_EXECUTABLE_FOLDER_PATH)/YoUser";
			};
			name = Debug;
		};
		3DBEFFCC2C50E9CA00EB232B /* Release */ = {
			isa = XCBuildConfiguration;
			buildSettings = {
				ALWAYS_EMBED_SWIFT_STANDARD_LIBRARIES = YES;
				BUNDLE_LOADER = "$(TEST_HOST)";
				CODE_SIGN_STYLE = Automatic;
				CURRENT_PROJECT_VERSION = 1;
				GENERATE_INFOPLIST_FILE = YES;
				IPHONEOS_DEPLOYMENT_TARGET = 17.5;
				MARKETING_VERSION = 1.0;
				PRODUCT_BUNDLE_IDENTIFIER = renderforest.io.YoUserTests;
				PRODUCT_NAME = "$(TARGET_NAME)";
				SWIFT_EMIT_LOC_STRINGS = NO;
				SWIFT_VERSION = 5.0;
				TARGETED_DEVICE_FAMILY = "1,2";
				TEST_HOST = "$(BUILT_PRODUCTS_DIR)/YoUser.app/$(BUNDLE_EXECUTABLE_FOLDER_PATH)/YoUser";
			};
			name = Release;
		};
		3DBEFFCE2C50E9CA00EB232B /* Debug */ = {
			isa = XCBuildConfiguration;
			buildSettings = {
				ALWAYS_EMBED_SWIFT_STANDARD_LIBRARIES = YES;
				CODE_SIGN_STYLE = Automatic;
				CURRENT_PROJECT_VERSION = 1;
				GENERATE_INFOPLIST_FILE = YES;
				MARKETING_VERSION = 1.0;
				PRODUCT_BUNDLE_IDENTIFIER = renderforest.io.YoUserUITests;
				PRODUCT_NAME = "$(TARGET_NAME)";
				SWIFT_EMIT_LOC_STRINGS = NO;
				SWIFT_VERSION = 5.0;
				TARGETED_DEVICE_FAMILY = "1,2";
				TEST_TARGET_NAME = YoUser;
			};
			name = Debug;
		};
		3DBEFFCF2C50E9CA00EB232B /* Release */ = {
			isa = XCBuildConfiguration;
			buildSettings = {
				ALWAYS_EMBED_SWIFT_STANDARD_LIBRARIES = YES;
				CODE_SIGN_STYLE = Automatic;
				CURRENT_PROJECT_VERSION = 1;
				GENERATE_INFOPLIST_FILE = YES;
				MARKETING_VERSION = 1.0;
				PRODUCT_BUNDLE_IDENTIFIER = renderforest.io.YoUserUITests;
				PRODUCT_NAME = "$(TARGET_NAME)";
				SWIFT_EMIT_LOC_STRINGS = NO;
				SWIFT_VERSION = 5.0;
				TARGETED_DEVICE_FAMILY = "1,2";
				TEST_TARGET_NAME = YoUser;
			};
			name = Release;
		};
/* End XCBuildConfiguration section */

/* Begin XCConfigurationList section */
		3DBEFF982C50E9C700EB232B /* Build configuration list for PBXProject "YoUser" */ = {
			isa = XCConfigurationList;
			buildConfigurations = (
				3DBEFFC52C50E9CA00EB232B /* Debug */,
				3DBEFFC62C50E9CA00EB232B /* Release */,
			);
			defaultConfigurationIsVisible = 0;
			defaultConfigurationName = Release;
		};
		3DBEFFC72C50E9CA00EB232B /* Build configuration list for PBXNativeTarget "YoUser" */ = {
			isa = XCConfigurationList;
			buildConfigurations = (
				3DBEFFC82C50E9CA00EB232B /* Debug */,
				3DBEFFC92C50E9CA00EB232B /* Release */,
			);
			defaultConfigurationIsVisible = 0;
			defaultConfigurationName = Release;
		};
		3DBEFFCA2C50E9CA00EB232B /* Build configuration list for PBXNativeTarget "YoUserTests" */ = {
			isa = XCConfigurationList;
			buildConfigurations = (
				3DBEFFCB2C50E9CA00EB232B /* Debug */,
				3DBEFFCC2C50E9CA00EB232B /* Release */,
			);
			defaultConfigurationIsVisible = 0;
			defaultConfigurationName = Release;
		};
		3DBEFFCD2C50E9CA00EB232B /* Build configuration list for PBXNativeTarget "YoUserUITests" */ = {
			isa = XCConfigurationList;
			buildConfigurations = (
				3DBEFFCE2C50E9CA00EB232B /* Debug */,
				3DBEFFCF2C50E9CA00EB232B /* Release */,
			);
			defaultConfigurationIsVisible = 0;
			defaultConfigurationName = Release;
		};
/* End XCConfigurationList section */

/* Begin XCRemoteSwiftPackageReference section */
		3DBEFFF32C5113A500EB232B /* XCRemoteSwiftPackageReference "SDWebImage" */ = {
			isa = XCRemoteSwiftPackageReference;
			repositoryURL = "https://github.com/SDWebImage/SDWebImage.git";
			requirement = {
				kind = exactVersion;
				version = 5.19.5;
			};
		};
/* End XCRemoteSwiftPackageReference section */
	};
	rootObject = 3DBEFF952C50E9C700EB232B /* Project object */;
}
